
Microsoft Visual Studio Solution File, Format Version 11.00
# Visual Studio 2012
Project("{2150E333-8FDC-42A3-9474-1A3956D46DE8}") = "Solution Items", "Solution Items", "{759C62E4-8E91-4D6B-992A-06DFAE1995B4}"
	ProjectSection(SolutionItems) = preProject
		Default.testsettings = Default.testsettings
		Moonlit.vsmdi = Moonlit.vsmdi
	EndProjectSection
EndProject
Project("{FAE04EC0-301F-11D3-BF4B-00C04F79EFBC}") = "Moonlit", "Moonlit.csproj", "{318A3070-6896-4E82-B52B-7A1959156DF1}"
EndProject
Project("{FAE04EC0-301F-11D3-BF4B-00C04F79EFBC}") = "Moonlit.TestFixture", "..\TestFixtures\Moonlit.TestFixtures\Moonlit.TestFixture.csproj", "{923990DF-2196-48E6-AA68-A5B9452594B4}"
EndProject
Global
	GlobalSection(TestCaseManagementSettings) = postSolution
		CategoryFile = Moonlit.vsmdi
	EndGlobalSection
	GlobalSection(SolutionConfigurationPlatforms) = preSolution
		Debug|Any CPU = Debug|Any CPU
		Debug|Mixed Platforms = Debug|Mixed Platforms
		Debug|x86 = Debug|x86
		NUnit|Any CPU = NUnit|Any CPU
		NUnit|Mixed Platforms = NUnit|Mixed Platforms
		NUnit|x86 = NUnit|x86
		Release|Any CPU = Release|Any CPU
		Release|Mixed Platforms = Release|Mixed Platforms
		Release|x86 = Release|x86
	EndGlobalSection
	GlobalSection(ProjectConfigurationPlatforms) = postSolution
		{318A3070-6896-4E82-B52B-7A1959156DF1}.Debug|Any CPU.ActiveCfg = Debug|Any CPU
		{318A3070-6896-4E82-B52B-7A1959156DF1}.Debug|Any CPU.Build.0 = Debug|Any CPU
		{318A3070-6896-4E82-B52B-7A1959156DF1}.Debug|Mixed Platforms.ActiveCfg = Debug|Any CPU
		{318A3070-6896-4E82-B52B-7A1959156DF1}.Debug|Mixed Platforms.Build.0 = Debug|Any CPU
		{318A3070-6896-4E82-B52B-7A1959156DF1}.Debug|x86.ActiveCfg = Debug|Any CPU
		{318A3070-6896-4E82-B52B-7A1959156DF1}.NUnit|Any CPU.ActiveCfg = stage|Any CPU
		{318A3070-6896-4E82-B52B-7A1959156DF1}.NUnit|Any CPU.Build.0 = stage|Any CPU
		{318A3070-6896-4E82-B52B-7A1959156DF1}.NUnit|Mixed Platforms.ActiveCfg = stage|Any CPU
		{318A3070-6896-4E82-B52B-7A1959156DF1}.NUnit|Mixed Platforms.Build.0 = stage|Any CPU
		{318A3070-6896-4E82-B52B-7A1959156DF1}.NUnit|x86.ActiveCfg = stage|Any CPU
		{318A3070-6896-4E82-B52B-7A1959156DF1}.Release|Any CPU.ActiveCfg = Release|Any CPU
		{318A3070-6896-4E82-B52B-7A1959156DF1}.Release|Any CPU.Build.0 = Release|Any CPU
		{318A3070-6896-4E82-B52B-7A1959156DF1}.Release|Mixed Platforms.ActiveCfg = Release|Any CPU
		{318A3070-6896-4E82-B52B-7A1959156DF1}.Release|Mixed Platforms.Build.0 = Release|Any CPU
		{318A3070-6896-4E82-B52B-7A1959156DF1}.Release|x86.ActiveCfg = Release|Any CPU
		{923990DF-2196-48E6-AA68-A5B9452594B4}.Debug|Any CPU.ActiveCfg = Debug|Any CPU
		{923990DF-2196-48E6-AA68-A5B9452594B4}.Debug|Any CPU.Build.0 = Debug|Any CPU
		{923990DF-2196-48E6-AA68-A5B9452594B4}.Debug|Mixed Platforms.ActiveCfg = Debug|Any CPU
		{923990DF-2196-48E6-AA68-A5B9452594B4}.Debug|Mixed Platforms.Build.0 = Debug|Any CPU
		{923990DF-2196-48E6-AA68-A5B9452594B4}.Debug|x86.ActiveCfg = Debug|Any CPU
		{923990DF-2196-48E6-AA68-A5B9452594B4}.NUnit|Any CPU.ActiveCfg = NUnit|Any CPU
		{923990DF-2196-48E6-AA68-A5B9452594B4}.NUnit|Any CPU.Build.0 = NUnit|Any CPU
		{923990DF-2196-48E6-AA68-A5B9452594B4}.NUnit|Mixed Platforms.ActiveCfg = NUnit|Any CPU
		{923990DF-2196-48E6-AA68-A5B9452594B4}.NUnit|Mixed Platforms.Build.0 = NUnit|Any CPU
		{923990DF-2196-48E6-AA68-A5B9452594B4}.NUnit|x86.ActiveCfg = NUnit|Any CPU
		{923990DF-2196-48E6-AA68-A5B9452594B4}.Release|Any CPU.ActiveCfg = Release|Any CPU
		{923990DF-2196-48E6-AA68-A5B9452594B4}.Release|Any CPU.Build.0 = Release|Any CPU
		{923990DF-2196-48E6-AA68-A5B9452594B4}.Release|Mixed Platforms.ActiveCfg = Release|Any CPU
		{923990DF-2196-48E6-AA68-A5B9452594B4}.Release|Mixed Platforms.Build.0 = Release|Any CPU
		{923990DF-2196-48E6-AA68-A5B9452594B4}.Release|x86.ActiveCfg = Release|Any CPU
	EndGlobalSection
	GlobalSection(SolutionProperties) = preSolution
		HideSolutionNode = FALSE
	EndGlobalSection
EndGlobal
