
Microsoft Visual Studio Solution File, Format Version 12.00
# Visual Studio 14
VisualStudioVersion = 14.0.25420.1
MinimumVisualStudioVersion = 10.0.40219.1
Project("{FAE04EC0-301F-11D3-BF4B-00C04F79EFBC}") = "Moonlit", "src\moonlit\Moonlit.csproj", "{318A3070-6896-4E82-B52B-7A1959156DF1}"
EndProject
Project("{FAE04EC0-301F-11D3-BF4B-00C04F79EFBC}") = "Moonlit.Web.Extensions", "src\Moonlit.Web.Extensions\Moonlit.Web.Extensions.csproj", "{D0B87197-7C44-49B1-ADFC-57B50ED6B24D}"
EndProject
Project("{FAE04EC0-301F-11D3-BF4B-00C04F79EFBC}") = "Moonlit.TestFixtures", "TestFixtures\Moonlit.TestFixtures\Moonlit.TestFixtures.csproj", "{923990DF-2196-48E6-AA68-A5B9452594B4}"
EndProject
Project("{2150E333-8FDC-42A3-9474-1A3956D46DE8}") = "TestFixtures", "TestFixtures", "{5E6B18B3-7E8C-4B0A-8192-F6E11CDAC128}"
EndProject
Project("{2150E333-8FDC-42A3-9474-1A3956D46DE8}") = "src", "src", "{0216D058-FD7E-444D-9012-68848B65E767}"
EndProject
Project("{FAE04EC0-301F-11D3-BF4B-00C04F79EFBC}") = "Moonlit.FxCopRules", "src\Moonlit.FxCopRules\Moonlit.FxCopRules.csproj", "{DD03C69C-6BFE-470F-A53B-A52755A7F7AD}"
EndProject
Project("{2150E333-8FDC-42A3-9474-1A3956D46DE8}") = ".nuget", ".nuget", "{B91EF314-A324-4660-A6B8-251E856266A4}"
	ProjectSection(SolutionItems) = preProject
		.nuget\NuGet.Config = .nuget\NuGet.Config
		.nuget\NuGet.exe = .nuget\NuGet.exe
	EndProjectSection
EndProject
Project("{FAE04EC0-301F-11D3-BF4B-00C04F79EFBC}") = "Moonlit.Mvc", "src\Moonlit.Mvc\Moonlit.Mvc.csproj", "{FD2E4B99-77AA-4956-A1AC-DF275629DA44}"
EndProject
Project("{FAE04EC0-301F-11D3-BF4B-00C04F79EFBC}") = "Moonlit.UpdateAndRestarterPoxy", "src\Moonlit.UpdateAndRestarterPoxy\Moonlit.UpdateAndRestarterPoxy.csproj", "{182BA41F-7E45-468C-9E3B-0E36763BE579}"
EndProject
Project("{FAE04EC0-301F-11D3-BF4B-00C04F79EFBC}") = "Moonlit.UpdateAndRestarter", "src\Moonlit.UpdateAndRestarter\Moonlit.UpdateAndRestarter.csproj", "{4571D368-2FFC-42C8-8F98-22D79D9AC3B1}"
EndProject
Project("{FAE04EC0-301F-11D3-BF4B-00C04F79EFBC}") = "Moonlit.Mvc.Themes.ClipOne", "src\Moonlit.Mvc.Themes.ClipOne\Moonlit.Mvc.Themes.ClipOne.csproj", "{99649938-209C-4B6B-ABD3-3355ACA52FA3}"
EndProject
Project("{FAE04EC0-301F-11D3-BF4B-00C04F79EFBC}") = "Moonlit.Mvc.Maintenance", "src\Moonlit.Mvc.Maintenance\Moonlit.Mvc.Maintenance.csproj", "{12BA5796-9316-442B-B231-77DEBC986536}"
EndProject
Project("{FAE04EC0-301F-11D3-BF4B-00C04F79EFBC}") = "Moonlit.Mvc.Maintenance.Web", "src\Moonlit.Mvc.Maintenance.Web\Moonlit.Mvc.Maintenance.Web.csproj", "{12832352-3280-4B7B-BE2F-48B424362F8C}"
EndProject
Project("{FAE04EC0-301F-11D3-BF4B-00C04F79EFBC}") = "Moonlit.Mvc.TestFixtures", "TestFixtures\Moonlit.Mvc.TestFixtures\Moonlit.Mvc.TestFixtures.csproj", "{BADE1E95-5913-4441-B2C4-A45E041703CA}"
EndProject
Project("{FAE04EC0-301F-11D3-BF4B-00C04F79EFBC}") = "MyTestRule", "TestFixtures\MyTestRule\MyTestRule.csproj", "{8603F033-823B-4419-980E-075C6A23EC29}"
EndProject
Project("{2150E333-8FDC-42A3-9474-1A3956D46DE8}") = "rulesets", "rulesets", "{E3652F98-08E6-4349-9FEC-8F4DBBB7AF98}"
	ProjectSection(SolutionItems) = preProject
		rulesets\moonlit.maint.ruleset = rulesets\moonlit.maint.ruleset
	EndProjectSection
EndProject
Project("{FAE04EC0-301F-11D3-BF4B-00C04F79EFBC}") = "Moonlit.Proxy", "src\Moonlit.Proxy\Moonlit.Proxy.csproj", "{6DBDAC37-0EAA-424A-A343-B38EFA297966}"
EndProject
Project("{FAE04EC0-301F-11D3-BF4B-00C04F79EFBC}") = "Moonlit.Proxy.TextFixtures", "TestFixtures\Moonlit.Proxy.TextFixtures\Moonlit.Proxy.TextFixtures.csproj", "{3C79F5B3-FEA6-42DC-840A-3AE9B3BC4B17}"
EndProject
Project("{FAE04EC0-301F-11D3-BF4B-00C04F79EFBC}") = "Moonlit.RabbitMQ", "src\Moonlit.RabbitMQ\Moonlit.RabbitMQ.csproj", "{386240CA-ECC0-4712-A53D-C28F713BD632}"
EndProject
Project("{FAE04EC0-301F-11D3-BF4B-00C04F79EFBC}") = "Moonlit.Weixin", "src\Moonlit.Weixin\Moonlit.Weixin.csproj", "{CC2760FE-D90C-4529-95BD-9AF80A9CA336}"
EndProject
Project("{FAE04EC0-301F-11D3-BF4B-00C04F79EFBC}") = "Moonlit.Weixin.TestFixtures", "TestFixtures\Moonlit.Weixin.TestFixtures\Moonlit.Weixin.TestFixtures.csproj", "{4B73B24E-07C9-4232-B26D-67E23A88D308}"
EndProject
Global
	GlobalSection(SolutionConfigurationPlatforms) = preSolution
		Debug|Any CPU = Debug|Any CPU
		Debug|Mixed Platforms = Debug|Mixed Platforms
		Release|Any CPU = Release|Any CPU
		Release|Mixed Platforms = Release|Mixed Platforms
	EndGlobalSection
	GlobalSection(ProjectConfigurationPlatforms) = postSolution
		{318A3070-6896-4E82-B52B-7A1959156DF1}.Debug|Any CPU.ActiveCfg = Debug|Any CPU
		{318A3070-6896-4E82-B52B-7A1959156DF1}.Debug|Any CPU.Build.0 = Debug|Any CPU
		{318A3070-6896-4E82-B52B-7A1959156DF1}.Debug|Mixed Platforms.ActiveCfg = Debug|Any CPU
		{318A3070-6896-4E82-B52B-7A1959156DF1}.Debug|Mixed Platforms.Build.0 = Debug|Any CPU
		{318A3070-6896-4E82-B52B-7A1959156DF1}.Release|Any CPU.ActiveCfg = Release|Any CPU
		{318A3070-6896-4E82-B52B-7A1959156DF1}.Release|Any CPU.Build.0 = Release|Any CPU
		{318A3070-6896-4E82-B52B-7A1959156DF1}.Release|Mixed Platforms.ActiveCfg = Release|Any CPU
		{318A3070-6896-4E82-B52B-7A1959156DF1}.Release|Mixed Platforms.Build.0 = Release|Any CPU
		{D0B87197-7C44-49B1-ADFC-57B50ED6B24D}.Debug|Any CPU.ActiveCfg = Debug|Any CPU
		{D0B87197-7C44-49B1-ADFC-57B50ED6B24D}.Debug|Any CPU.Build.0 = Debug|Any CPU
		{D0B87197-7C44-49B1-ADFC-57B50ED6B24D}.Debug|Mixed Platforms.ActiveCfg = Debug|Any CPU
		{D0B87197-7C44-49B1-ADFC-57B50ED6B24D}.Debug|Mixed Platforms.Build.0 = Debug|Any CPU
		{D0B87197-7C44-49B1-ADFC-57B50ED6B24D}.Release|Any CPU.ActiveCfg = Release|Any CPU
		{D0B87197-7C44-49B1-ADFC-57B50ED6B24D}.Release|Any CPU.Build.0 = Release|Any CPU
		{D0B87197-7C44-49B1-ADFC-57B50ED6B24D}.Release|Mixed Platforms.ActiveCfg = Release|Any CPU
		{D0B87197-7C44-49B1-ADFC-57B50ED6B24D}.Release|Mixed Platforms.Build.0 = Release|Any CPU
		{923990DF-2196-48E6-AA68-A5B9452594B4}.Debug|Any CPU.ActiveCfg = Debug|Any CPU
		{923990DF-2196-48E6-AA68-A5B9452594B4}.Debug|Any CPU.Build.0 = Debug|Any CPU
		{923990DF-2196-48E6-AA68-A5B9452594B4}.Debug|Mixed Platforms.ActiveCfg = Debug|Any CPU
		{923990DF-2196-48E6-AA68-A5B9452594B4}.Debug|Mixed Platforms.Build.0 = Debug|Any CPU
		{923990DF-2196-48E6-AA68-A5B9452594B4}.Release|Any CPU.ActiveCfg = Release|Any CPU
		{923990DF-2196-48E6-AA68-A5B9452594B4}.Release|Any CPU.Build.0 = Release|Any CPU
		{923990DF-2196-48E6-AA68-A5B9452594B4}.Release|Mixed Platforms.ActiveCfg = Release|Any CPU
		{923990DF-2196-48E6-AA68-A5B9452594B4}.Release|Mixed Platforms.Build.0 = Release|Any CPU
		{DD03C69C-6BFE-470F-A53B-A52755A7F7AD}.Debug|Any CPU.ActiveCfg = Debug|Any CPU
		{DD03C69C-6BFE-470F-A53B-A52755A7F7AD}.Debug|Any CPU.Build.0 = Debug|Any CPU
		{DD03C69C-6BFE-470F-A53B-A52755A7F7AD}.Debug|Mixed Platforms.ActiveCfg = Debug|Any CPU
		{DD03C69C-6BFE-470F-A53B-A52755A7F7AD}.Debug|Mixed Platforms.Build.0 = Debug|Any CPU
		{DD03C69C-6BFE-470F-A53B-A52755A7F7AD}.Release|Any CPU.ActiveCfg = Release|Any CPU
		{DD03C69C-6BFE-470F-A53B-A52755A7F7AD}.Release|Any CPU.Build.0 = Release|Any CPU
		{DD03C69C-6BFE-470F-A53B-A52755A7F7AD}.Release|Mixed Platforms.ActiveCfg = Release|Any CPU
		{DD03C69C-6BFE-470F-A53B-A52755A7F7AD}.Release|Mixed Platforms.Build.0 = Release|Any CPU
		{FD2E4B99-77AA-4956-A1AC-DF275629DA44}.Debug|Any CPU.ActiveCfg = Debug|Any CPU
		{FD2E4B99-77AA-4956-A1AC-DF275629DA44}.Debug|Any CPU.Build.0 = Debug|Any CPU
		{FD2E4B99-77AA-4956-A1AC-DF275629DA44}.Debug|Mixed Platforms.ActiveCfg = Debug|Any CPU
		{FD2E4B99-77AA-4956-A1AC-DF275629DA44}.Debug|Mixed Platforms.Build.0 = Debug|Any CPU
		{FD2E4B99-77AA-4956-A1AC-DF275629DA44}.Release|Any CPU.ActiveCfg = Release|Any CPU
		{FD2E4B99-77AA-4956-A1AC-DF275629DA44}.Release|Any CPU.Build.0 = Release|Any CPU
		{FD2E4B99-77AA-4956-A1AC-DF275629DA44}.Release|Mixed Platforms.ActiveCfg = Release|Any CPU
		{FD2E4B99-77AA-4956-A1AC-DF275629DA44}.Release|Mixed Platforms.Build.0 = Release|Any CPU
		{182BA41F-7E45-468C-9E3B-0E36763BE579}.Debug|Any CPU.ActiveCfg = Debug|Any CPU
		{182BA41F-7E45-468C-9E3B-0E36763BE579}.Debug|Any CPU.Build.0 = Debug|Any CPU
		{182BA41F-7E45-468C-9E3B-0E36763BE579}.Debug|Mixed Platforms.ActiveCfg = Debug|Any CPU
		{182BA41F-7E45-468C-9E3B-0E36763BE579}.Debug|Mixed Platforms.Build.0 = Debug|Any CPU
		{182BA41F-7E45-468C-9E3B-0E36763BE579}.Release|Any CPU.ActiveCfg = Release|Any CPU
		{182BA41F-7E45-468C-9E3B-0E36763BE579}.Release|Any CPU.Build.0 = Release|Any CPU
		{182BA41F-7E45-468C-9E3B-0E36763BE579}.Release|Mixed Platforms.ActiveCfg = Release|Any CPU
		{182BA41F-7E45-468C-9E3B-0E36763BE579}.Release|Mixed Platforms.Build.0 = Release|Any CPU
		{4571D368-2FFC-42C8-8F98-22D79D9AC3B1}.Debug|Any CPU.ActiveCfg = Debug|Any CPU
		{4571D368-2FFC-42C8-8F98-22D79D9AC3B1}.Debug|Any CPU.Build.0 = Debug|Any CPU
		{4571D368-2FFC-42C8-8F98-22D79D9AC3B1}.Debug|Mixed Platforms.ActiveCfg = Debug|Any CPU
		{4571D368-2FFC-42C8-8F98-22D79D9AC3B1}.Debug|Mixed Platforms.Build.0 = Debug|Any CPU
		{4571D368-2FFC-42C8-8F98-22D79D9AC3B1}.Release|Any CPU.ActiveCfg = Release|Any CPU
		{4571D368-2FFC-42C8-8F98-22D79D9AC3B1}.Release|Any CPU.Build.0 = Release|Any CPU
		{4571D368-2FFC-42C8-8F98-22D79D9AC3B1}.Release|Mixed Platforms.ActiveCfg = Release|Any CPU
		{4571D368-2FFC-42C8-8F98-22D79D9AC3B1}.Release|Mixed Platforms.Build.0 = Release|Any CPU
		{99649938-209C-4B6B-ABD3-3355ACA52FA3}.Debug|Any CPU.ActiveCfg = Debug|Any CPU
		{99649938-209C-4B6B-ABD3-3355ACA52FA3}.Debug|Any CPU.Build.0 = Debug|Any CPU
		{99649938-209C-4B6B-ABD3-3355ACA52FA3}.Debug|Mixed Platforms.ActiveCfg = Debug|Any CPU
		{99649938-209C-4B6B-ABD3-3355ACA52FA3}.Debug|Mixed Platforms.Build.0 = Debug|Any CPU
		{99649938-209C-4B6B-ABD3-3355ACA52FA3}.Release|Any CPU.ActiveCfg = Release|Any CPU
		{99649938-209C-4B6B-ABD3-3355ACA52FA3}.Release|Any CPU.Build.0 = Release|Any CPU
		{99649938-209C-4B6B-ABD3-3355ACA52FA3}.Release|Mixed Platforms.ActiveCfg = Release|Any CPU
		{99649938-209C-4B6B-ABD3-3355ACA52FA3}.Release|Mixed Platforms.Build.0 = Release|Any CPU
		{12BA5796-9316-442B-B231-77DEBC986536}.Debug|Any CPU.ActiveCfg = Debug|Any CPU
		{12BA5796-9316-442B-B231-77DEBC986536}.Debug|Any CPU.Build.0 = Debug|Any CPU
		{12BA5796-9316-442B-B231-77DEBC986536}.Debug|Mixed Platforms.ActiveCfg = Debug|Any CPU
		{12BA5796-9316-442B-B231-77DEBC986536}.Debug|Mixed Platforms.Build.0 = Debug|Any CPU
		{12BA5796-9316-442B-B231-77DEBC986536}.Release|Any CPU.ActiveCfg = Release|Any CPU
		{12BA5796-9316-442B-B231-77DEBC986536}.Release|Any CPU.Build.0 = Release|Any CPU
		{12BA5796-9316-442B-B231-77DEBC986536}.Release|Mixed Platforms.ActiveCfg = Release|Any CPU
		{12BA5796-9316-442B-B231-77DEBC986536}.Release|Mixed Platforms.Build.0 = Release|Any CPU
		{12832352-3280-4B7B-BE2F-48B424362F8C}.Debug|Any CPU.ActiveCfg = Debug|Any CPU
		{12832352-3280-4B7B-BE2F-48B424362F8C}.Debug|Any CPU.Build.0 = Debug|Any CPU
		{12832352-3280-4B7B-BE2F-48B424362F8C}.Debug|Mixed Platforms.ActiveCfg = Debug|Any CPU
		{12832352-3280-4B7B-BE2F-48B424362F8C}.Debug|Mixed Platforms.Build.0 = Debug|Any CPU
		{12832352-3280-4B7B-BE2F-48B424362F8C}.Release|Any CPU.ActiveCfg = Release|Any CPU
		{12832352-3280-4B7B-BE2F-48B424362F8C}.Release|Any CPU.Build.0 = Release|Any CPU
		{12832352-3280-4B7B-BE2F-48B424362F8C}.Release|Mixed Platforms.ActiveCfg = Release|Any CPU
		{12832352-3280-4B7B-BE2F-48B424362F8C}.Release|Mixed Platforms.Build.0 = Release|Any CPU
		{BADE1E95-5913-4441-B2C4-A45E041703CA}.Debug|Any CPU.ActiveCfg = Debug|Any CPU
		{BADE1E95-5913-4441-B2C4-A45E041703CA}.Debug|Any CPU.Build.0 = Debug|Any CPU
		{BADE1E95-5913-4441-B2C4-A45E041703CA}.Debug|Mixed Platforms.ActiveCfg = Debug|Any CPU
		{BADE1E95-5913-4441-B2C4-A45E041703CA}.Debug|Mixed Platforms.Build.0 = Debug|Any CPU
		{BADE1E95-5913-4441-B2C4-A45E041703CA}.Release|Any CPU.ActiveCfg = Release|Any CPU
		{BADE1E95-5913-4441-B2C4-A45E041703CA}.Release|Any CPU.Build.0 = Release|Any CPU
		{BADE1E95-5913-4441-B2C4-A45E041703CA}.Release|Mixed Platforms.ActiveCfg = Release|Any CPU
		{BADE1E95-5913-4441-B2C4-A45E041703CA}.Release|Mixed Platforms.Build.0 = Release|Any CPU
		{8603F033-823B-4419-980E-075C6A23EC29}.Debug|Any CPU.ActiveCfg = Debug|Any CPU
		{8603F033-823B-4419-980E-075C6A23EC29}.Debug|Any CPU.Build.0 = Debug|Any CPU
		{8603F033-823B-4419-980E-075C6A23EC29}.Debug|Mixed Platforms.ActiveCfg = Debug|Any CPU
		{8603F033-823B-4419-980E-075C6A23EC29}.Debug|Mixed Platforms.Build.0 = Debug|Any CPU
		{8603F033-823B-4419-980E-075C6A23EC29}.Release|Any CPU.ActiveCfg = Release|Any CPU
		{8603F033-823B-4419-980E-075C6A23EC29}.Release|Any CPU.Build.0 = Release|Any CPU
		{8603F033-823B-4419-980E-075C6A23EC29}.Release|Mixed Platforms.ActiveCfg = Release|Any CPU
		{8603F033-823B-4419-980E-075C6A23EC29}.Release|Mixed Platforms.Build.0 = Release|Any CPU
		{6DBDAC37-0EAA-424A-A343-B38EFA297966}.Debug|Any CPU.ActiveCfg = Debug|Any CPU
		{6DBDAC37-0EAA-424A-A343-B38EFA297966}.Debug|Any CPU.Build.0 = Debug|Any CPU
		{6DBDAC37-0EAA-424A-A343-B38EFA297966}.Debug|Mixed Platforms.ActiveCfg = Debug|Any CPU
		{6DBDAC37-0EAA-424A-A343-B38EFA297966}.Debug|Mixed Platforms.Build.0 = Debug|Any CPU
		{6DBDAC37-0EAA-424A-A343-B38EFA297966}.Release|Any CPU.ActiveCfg = Release|Any CPU
		{6DBDAC37-0EAA-424A-A343-B38EFA297966}.Release|Any CPU.Build.0 = Release|Any CPU
		{6DBDAC37-0EAA-424A-A343-B38EFA297966}.Release|Mixed Platforms.ActiveCfg = Release|Any CPU
		{6DBDAC37-0EAA-424A-A343-B38EFA297966}.Release|Mixed Platforms.Build.0 = Release|Any CPU
		{3C79F5B3-FEA6-42DC-840A-3AE9B3BC4B17}.Debug|Any CPU.ActiveCfg = Debug|Any CPU
		{3C79F5B3-FEA6-42DC-840A-3AE9B3BC4B17}.Debug|Any CPU.Build.0 = Debug|Any CPU
		{3C79F5B3-FEA6-42DC-840A-3AE9B3BC4B17}.Debug|Mixed Platforms.ActiveCfg = Debug|Any CPU
		{3C79F5B3-FEA6-42DC-840A-3AE9B3BC4B17}.Debug|Mixed Platforms.Build.0 = Debug|Any CPU
		{3C79F5B3-FEA6-42DC-840A-3AE9B3BC4B17}.Release|Any CPU.ActiveCfg = Release|Any CPU
		{3C79F5B3-FEA6-42DC-840A-3AE9B3BC4B17}.Release|Any CPU.Build.0 = Release|Any CPU
		{3C79F5B3-FEA6-42DC-840A-3AE9B3BC4B17}.Release|Mixed Platforms.ActiveCfg = Release|Any CPU
		{3C79F5B3-FEA6-42DC-840A-3AE9B3BC4B17}.Release|Mixed Platforms.Build.0 = Release|Any CPU
		{386240CA-ECC0-4712-A53D-C28F713BD632}.Debug|Any CPU.ActiveCfg = Debug|Any CPU
		{386240CA-ECC0-4712-A53D-C28F713BD632}.Debug|Any CPU.Build.0 = Debug|Any CPU
		{386240CA-ECC0-4712-A53D-C28F713BD632}.Debug|Mixed Platforms.ActiveCfg = Debug|Any CPU
		{386240CA-ECC0-4712-A53D-C28F713BD632}.Debug|Mixed Platforms.Build.0 = Debug|Any CPU
		{386240CA-ECC0-4712-A53D-C28F713BD632}.Release|Any CPU.ActiveCfg = Release|Any CPU
		{386240CA-ECC0-4712-A53D-C28F713BD632}.Release|Any CPU.Build.0 = Release|Any CPU
		{386240CA-ECC0-4712-A53D-C28F713BD632}.Release|Mixed Platforms.ActiveCfg = Release|Any CPU
		{386240CA-ECC0-4712-A53D-C28F713BD632}.Release|Mixed Platforms.Build.0 = Release|Any CPU
		{CC2760FE-D90C-4529-95BD-9AF80A9CA336}.Debug|Any CPU.ActiveCfg = Debug|Any CPU
		{CC2760FE-D90C-4529-95BD-9AF80A9CA336}.Debug|Any CPU.Build.0 = Debug|Any CPU
		{CC2760FE-D90C-4529-95BD-9AF80A9CA336}.Debug|Mixed Platforms.ActiveCfg = Debug|Any CPU
		{CC2760FE-D90C-4529-95BD-9AF80A9CA336}.Debug|Mixed Platforms.Build.0 = Debug|Any CPU
		{CC2760FE-D90C-4529-95BD-9AF80A9CA336}.Release|Any CPU.ActiveCfg = Release|Any CPU
		{CC2760FE-D90C-4529-95BD-9AF80A9CA336}.Release|Any CPU.Build.0 = Release|Any CPU
		{CC2760FE-D90C-4529-95BD-9AF80A9CA336}.Release|Mixed Platforms.ActiveCfg = Release|Any CPU
		{CC2760FE-D90C-4529-95BD-9AF80A9CA336}.Release|Mixed Platforms.Build.0 = Release|Any CPU
		{4B73B24E-07C9-4232-B26D-67E23A88D308}.Debug|Any CPU.ActiveCfg = Debug|Any CPU
		{4B73B24E-07C9-4232-B26D-67E23A88D308}.Debug|Any CPU.Build.0 = Debug|Any CPU
		{4B73B24E-07C9-4232-B26D-67E23A88D308}.Debug|Mixed Platforms.ActiveCfg = Debug|Any CPU
		{4B73B24E-07C9-4232-B26D-67E23A88D308}.Debug|Mixed Platforms.Build.0 = Debug|Any CPU
		{4B73B24E-07C9-4232-B26D-67E23A88D308}.Release|Any CPU.ActiveCfg = Release|Any CPU
		{4B73B24E-07C9-4232-B26D-67E23A88D308}.Release|Any CPU.Build.0 = Release|Any CPU
		{4B73B24E-07C9-4232-B26D-67E23A88D308}.Release|Mixed Platforms.ActiveCfg = Release|Any CPU
		{4B73B24E-07C9-4232-B26D-67E23A88D308}.Release|Mixed Platforms.Build.0 = Release|Any CPU
	EndGlobalSection
	GlobalSection(SolutionProperties) = preSolution
		HideSolutionNode = FALSE
	EndGlobalSection
	GlobalSection(NestedProjects) = preSolution
		{318A3070-6896-4E82-B52B-7A1959156DF1} = {0216D058-FD7E-444D-9012-68848B65E767}
		{D0B87197-7C44-49B1-ADFC-57B50ED6B24D} = {0216D058-FD7E-444D-9012-68848B65E767}
		{923990DF-2196-48E6-AA68-A5B9452594B4} = {5E6B18B3-7E8C-4B0A-8192-F6E11CDAC128}
		{DD03C69C-6BFE-470F-A53B-A52755A7F7AD} = {0216D058-FD7E-444D-9012-68848B65E767}
		{FD2E4B99-77AA-4956-A1AC-DF275629DA44} = {0216D058-FD7E-444D-9012-68848B65E767}
		{182BA41F-7E45-468C-9E3B-0E36763BE579} = {0216D058-FD7E-444D-9012-68848B65E767}
		{4571D368-2FFC-42C8-8F98-22D79D9AC3B1} = {0216D058-FD7E-444D-9012-68848B65E767}
		{99649938-209C-4B6B-ABD3-3355ACA52FA3} = {0216D058-FD7E-444D-9012-68848B65E767}
		{12BA5796-9316-442B-B231-77DEBC986536} = {0216D058-FD7E-444D-9012-68848B65E767}
		{12832352-3280-4B7B-BE2F-48B424362F8C} = {0216D058-FD7E-444D-9012-68848B65E767}
		{BADE1E95-5913-4441-B2C4-A45E041703CA} = {5E6B18B3-7E8C-4B0A-8192-F6E11CDAC128}
		{8603F033-823B-4419-980E-075C6A23EC29} = {5E6B18B3-7E8C-4B0A-8192-F6E11CDAC128}
		{6DBDAC37-0EAA-424A-A343-B38EFA297966} = {0216D058-FD7E-444D-9012-68848B65E767}
		{3C79F5B3-FEA6-42DC-840A-3AE9B3BC4B17} = {5E6B18B3-7E8C-4B0A-8192-F6E11CDAC128}
		{386240CA-ECC0-4712-A53D-C28F713BD632} = {0216D058-FD7E-444D-9012-68848B65E767}
		{CC2760FE-D90C-4529-95BD-9AF80A9CA336} = {0216D058-FD7E-444D-9012-68848B65E767}
		{4B73B24E-07C9-4232-B26D-67E23A88D308} = {5E6B18B3-7E8C-4B0A-8192-F6E11CDAC128}
	EndGlobalSection
	GlobalSection(ExtensibilityGlobals) = postSolution
		EnterpriseLibraryConfigurationToolBinariesPath = packages\Unity.2.1.505.2\lib\NET35
	EndGlobalSection
EndGlobal
